
Microsoft Visual Studio Solution File, Format Version 12.00
# Visual Studio Version 17
VisualStudioVersion = 17.8.34322.80
MinimumVisualStudioVersion = 10.0.40219.1
Project("{2150E333-8FDC-42A3-9474-1A3956D46DE8}") = "Services", "Services", "{6E766CA4-FD68-4C62-87A9-0F87C6C15539}"
EndProject
Project("{2150E333-8FDC-42A3-9474-1A3956D46DE8}") = "Catalog", "Catalog", "{8A91A6C7-E971-4C4C-9ECA-117E96EA40A8}"
EndProject
Project("{9A19103F-16F7-4668-BE54-9A1E7A4F7556}") = "Catalog.API", "Services\Catalog\Catalog.API\Catalog.API.csproj", "{D801F008-88EC-41D6-A372-6B28038C6066}"
EndProject
Project("{9A19103F-16F7-4668-BE54-9A1E7A4F7556}") = "Catalog.Core", "Services\Catalog\Catalog.Core\Catalog.Core.csproj", "{DC00602B-C128-498D-919D-8C0F0E9969B6}"
EndProject
Project("{9A19103F-16F7-4668-BE54-9A1E7A4F7556}") = "Catalog.Application", "Services\Catalog\Catalog.Application\Catalog.Application.csproj", "{08FE10DF-38DE-4523-9101-6D54BC99A299}"
EndProject
Project("{9A19103F-16F7-4668-BE54-9A1E7A4F7556}") = "Catalog.Infrastructure", "Services\Catalog\Catalog.Infrastructure\Catalog.Infrastructure.csproj", "{C6467CFD-8C72-478D-99DE-C46AA6DFD606}"
EndProject
Project("{E53339B2-1760-4266-BCC7-CA923CBCF16C}") = "docker-compose", "docker-compose.dcproj", "{C8B30438-C0AD-43CC-825E-74B0AEB7E4E1}"
EndProject
Project("{2150E333-8FDC-42A3-9474-1A3956D46DE8}") = "Basket", "Basket", "{61929257-7077-44DF-BA83-A0AB4E1E6379}"
EndProject
Project("{FAE04EC0-301F-11D3-BF4B-00C04F79EFBC}") = "Basket.API", "Services\Basket\Basket.API\Basket.API.csproj", "{57966B86-4B15-4276-BC2C-9A64AEBB50FB}"
EndProject
Project("{FAE04EC0-301F-11D3-BF4B-00C04F79EFBC}") = "Basket.Core", "Services\Basket\Basket.Core\Basket.Core.csproj", "{B687AC8F-BD19-4DCA-8D7D-2F158EFB1087}"
EndProject
Project("{FAE04EC0-301F-11D3-BF4B-00C04F79EFBC}") = "Basket.Infrastructure", "Services\Basket\Basket.Infrastructure\Basket.Infrastructure.csproj", "{42FB972D-8378-41AB-AA54-E99AE40527CF}"
EndProject
Project("{FAE04EC0-301F-11D3-BF4B-00C04F79EFBC}") = "Basket.Application", "Services\Basket\Basket.Application\Basket.Application.csproj", "{F9E3C64D-B922-4855-9497-753A54A1F4AB}"
EndProject
Project("{9A19103F-16F7-4668-BE54-9A1E7A4F7556}") = "Discount.API", "Services\Discount\Discount.API\Discount.API.csproj", "{A4B31765-17D8-4E29-9258-2CB801A934FA}"
EndProject
Project("{2150E333-8FDC-42A3-9474-1A3956D46DE8}") = "Discount", "Discount", "{7915185F-1B90-4522-A409-2DE93F2CA210}"
EndProject
Project("{9A19103F-16F7-4668-BE54-9A1E7A4F7556}") = "Discount.Application", "Services\Discount\Discount.Application\Discount.Application.csproj", "{1E62CBC7-3700-4C4F-A422-A794FB71AE44}"
EndProject
Project("{9A19103F-16F7-4668-BE54-9A1E7A4F7556}") = "Discount.Core", "Services\Discount\Discount.Core\Discount.Core.csproj", "{BA8F3769-FC2D-4927-8010-D92D80CBAE76}"
EndProject
Project("{9A19103F-16F7-4668-BE54-9A1E7A4F7556}") = "Discount.Infrastructure", "Services\Discount\Discount.Infrastructure\Discount.Infrastructure.csproj", "{A3CC9324-8B40-456F-B0FC-E7ADA90004AD}"
EndProject
Global
	GlobalSection(SolutionConfigurationPlatforms) = preSolution
		Debug|Any CPU = Debug|Any CPU
		Release|Any CPU = Release|Any CPU
	EndGlobalSection
	GlobalSection(ProjectConfigurationPlatforms) = postSolution
		{D801F008-88EC-41D6-A372-6B28038C6066}.Debug|Any CPU.ActiveCfg = Debug|Any CPU
		{D801F008-88EC-41D6-A372-6B28038C6066}.Debug|Any CPU.Build.0 = Debug|Any CPU
		{D801F008-88EC-41D6-A372-6B28038C6066}.Release|Any CPU.ActiveCfg = Release|Any CPU
		{D801F008-88EC-41D6-A372-6B28038C6066}.Release|Any CPU.Build.0 = Release|Any CPU
		{DC00602B-C128-498D-919D-8C0F0E9969B6}.Debug|Any CPU.ActiveCfg = Debug|Any CPU
		{DC00602B-C128-498D-919D-8C0F0E9969B6}.Debug|Any CPU.Build.0 = Debug|Any CPU
		{DC00602B-C128-498D-919D-8C0F0E9969B6}.Release|Any CPU.ActiveCfg = Release|Any CPU
		{DC00602B-C128-498D-919D-8C0F0E9969B6}.Release|Any CPU.Build.0 = Release|Any CPU
		{08FE10DF-38DE-4523-9101-6D54BC99A299}.Debug|Any CPU.ActiveCfg = Debug|Any CPU
		{08FE10DF-38DE-4523-9101-6D54BC99A299}.Debug|Any CPU.Build.0 = Debug|Any CPU
		{08FE10DF-38DE-4523-9101-6D54BC99A299}.Release|Any CPU.ActiveCfg = Release|Any CPU
		{08FE10DF-38DE-4523-9101-6D54BC99A299}.Release|Any CPU.Build.0 = Release|Any CPU
		{C6467CFD-8C72-478D-99DE-C46AA6DFD606}.Debug|Any CPU.ActiveCfg = Debug|Any CPU
		{C6467CFD-8C72-478D-99DE-C46AA6DFD606}.Debug|Any CPU.Build.0 = Debug|Any CPU
		{C6467CFD-8C72-478D-99DE-C46AA6DFD606}.Release|Any CPU.ActiveCfg = Release|Any CPU
		{C6467CFD-8C72-478D-99DE-C46AA6DFD606}.Release|Any CPU.Build.0 = Release|Any CPU
		{C8B30438-C0AD-43CC-825E-74B0AEB7E4E1}.Debug|Any CPU.ActiveCfg = Debug|Any CPU
		{C8B30438-C0AD-43CC-825E-74B0AEB7E4E1}.Debug|Any CPU.Build.0 = Debug|Any CPU
		{C8B30438-C0AD-43CC-825E-74B0AEB7E4E1}.Release|Any CPU.ActiveCfg = Release|Any CPU
		{C8B30438-C0AD-43CC-825E-74B0AEB7E4E1}.Release|Any CPU.Build.0 = Release|Any CPU
		{57966B86-4B15-4276-BC2C-9A64AEBB50FB}.Debug|Any CPU.ActiveCfg = Debug|Any CPU
		{57966B86-4B15-4276-BC2C-9A64AEBB50FB}.Debug|Any CPU.Build.0 = Debug|Any CPU
		{57966B86-4B15-4276-BC2C-9A64AEBB50FB}.Release|Any CPU.ActiveCfg = Release|Any CPU
		{57966B86-4B15-4276-BC2C-9A64AEBB50FB}.Release|Any CPU.Build.0 = Release|Any CPU
		{B687AC8F-BD19-4DCA-8D7D-2F158EFB1087}.Debug|Any CPU.ActiveCfg = Debug|Any CPU
		{B687AC8F-BD19-4DCA-8D7D-2F158EFB1087}.Debug|Any CPU.Build.0 = Debug|Any CPU
		{B687AC8F-BD19-4DCA-8D7D-2F158EFB1087}.Release|Any CPU.ActiveCfg = Release|Any CPU
		{B687AC8F-BD19-4DCA-8D7D-2F158EFB1087}.Release|Any CPU.Build.0 = Release|Any CPU
		{42FB972D-8378-41AB-AA54-E99AE40527CF}.Debug|Any CPU.ActiveCfg = Debug|Any CPU
		{42FB972D-8378-41AB-AA54-E99AE40527CF}.Debug|Any CPU.Build.0 = Debug|Any CPU
		{42FB972D-8378-41AB-AA54-E99AE40527CF}.Release|Any CPU.ActiveCfg = Release|Any CPU
		{42FB972D-8378-41AB-AA54-E99AE40527CF}.Release|Any CPU.Build.0 = Release|Any CPU
		{F9E3C64D-B922-4855-9497-753A54A1F4AB}.Debug|Any CPU.ActiveCfg = Debug|Any CPU
		{F9E3C64D-B922-4855-9497-753A54A1F4AB}.Debug|Any CPU.Build.0 = Debug|Any CPU
		{F9E3C64D-B922-4855-9497-753A54A1F4AB}.Release|Any CPU.ActiveCfg = Release|Any CPU
		{F9E3C64D-B922-4855-9497-753A54A1F4AB}.Release|Any CPU.Build.0 = Release|Any CPU
		{A4B31765-17D8-4E29-9258-2CB801A934FA}.Debug|Any CPU.ActiveCfg = Debug|Any CPU
		{A4B31765-17D8-4E29-9258-2CB801A934FA}.Debug|Any CPU.Build.0 = Debug|Any CPU
		{A4B31765-17D8-4E29-9258-2CB801A934FA}.Release|Any CPU.ActiveCfg = Release|Any CPU
		{A4B31765-17D8-4E29-9258-2CB801A934FA}.Release|Any CPU.Build.0 = Release|Any CPU
		{1E62CBC7-3700-4C4F-A422-A794FB71AE44}.Debug|Any CPU.ActiveCfg = Debug|Any CPU
		{1E62CBC7-3700-4C4F-A422-A794FB71AE44}.Debug|Any CPU.Build.0 = Debug|Any CPU
		{1E62CBC7-3700-4C4F-A422-A794FB71AE44}.Release|Any CPU.ActiveCfg = Release|Any CPU
		{1E62CBC7-3700-4C4F-A422-A794FB71AE44}.Release|Any CPU.Build.0 = Release|Any CPU
		{BA8F3769-FC2D-4927-8010-D92D80CBAE76}.Debug|Any CPU.ActiveCfg = Debug|Any CPU
		{BA8F3769-FC2D-4927-8010-D92D80CBAE76}.Debug|Any CPU.Build.0 = Debug|Any CPU
		{BA8F3769-FC2D-4927-8010-D92D80CBAE76}.Release|Any CPU.ActiveCfg = Release|Any CPU
		{BA8F3769-FC2D-4927-8010-D92D80CBAE76}.Release|Any CPU.Build.0 = Release|Any CPU
		{A3CC9324-8B40-456F-B0FC-E7ADA90004AD}.Debug|Any CPU.ActiveCfg = Debug|Any CPU
		{A3CC9324-8B40-456F-B0FC-E7ADA90004AD}.Debug|Any CPU.Build.0 = Debug|Any CPU
		{A3CC9324-8B40-456F-B0FC-E7ADA90004AD}.Release|Any CPU.ActiveCfg = Release|Any CPU
		{A3CC9324-8B40-456F-B0FC-E7ADA90004AD}.Release|Any CPU.Build.0 = Release|Any CPU
	EndGlobalSection
	GlobalSection(SolutionProperties) = preSolution
		HideSolutionNode = FALSE
	EndGlobalSection
	GlobalSection(NestedProjects) = preSolution
		{8A91A6C7-E971-4C4C-9ECA-117E96EA40A8} = {6E766CA4-FD68-4C62-87A9-0F87C6C15539}
		{D801F008-88EC-41D6-A372-6B28038C6066} = {8A91A6C7-E971-4C4C-9ECA-117E96EA40A8}
		{DC00602B-C128-498D-919D-8C0F0E9969B6} = {8A91A6C7-E971-4C4C-9ECA-117E96EA40A8}
		{08FE10DF-38DE-4523-9101-6D54BC99A299} = {8A91A6C7-E971-4C4C-9ECA-117E96EA40A8}
		{C6467CFD-8C72-478D-99DE-C46AA6DFD606} = {8A91A6C7-E971-4C4C-9ECA-117E96EA40A8}
		{61929257-7077-44DF-BA83-A0AB4E1E6379} = {6E766CA4-FD68-4C62-87A9-0F87C6C15539}
		{57966B86-4B15-4276-BC2C-9A64AEBB50FB} = {61929257-7077-44DF-BA83-A0AB4E1E6379}
		{B687AC8F-BD19-4DCA-8D7D-2F158EFB1087} = {61929257-7077-44DF-BA83-A0AB4E1E6379}
		{42FB972D-8378-41AB-AA54-E99AE40527CF} = {61929257-7077-44DF-BA83-A0AB4E1E6379}
		{F9E3C64D-B922-4855-9497-753A54A1F4AB} = {61929257-7077-44DF-BA83-A0AB4E1E6379}
		{A4B31765-17D8-4E29-9258-2CB801A934FA} = {7915185F-1B90-4522-A409-2DE93F2CA210}
		{7915185F-1B90-4522-A409-2DE93F2CA210} = {6E766CA4-FD68-4C62-87A9-0F87C6C15539}
		{1E62CBC7-3700-4C4F-A422-A794FB71AE44} = {7915185F-1B90-4522-A409-2DE93F2CA210}
		{BA8F3769-FC2D-4927-8010-D92D80CBAE76} = {7915185F-1B90-4522-A409-2DE93F2CA210}
		{A3CC9324-8B40-456F-B0FC-E7ADA90004AD} = {7915185F-1B90-4522-A409-2DE93F2CA210}
	EndGlobalSection
	GlobalSection(ExtensibilityGlobals) = postSolution
		SolutionGuid = {BBAF76EA-E7FD-44D2-A171-D7B9CDE84126}
	EndGlobalSection
EndGlobal
